
Microsoft Visual Studio Solution File, Format Version 12.00
# Visual Studio Version 17
VisualStudioVersion = 17.6.33815.320
MinimumVisualStudioVersion = 10.0.40219.1
Project("{FAE04EC0-301F-11D3-BF4B-00C04F79EFBC}") = "ZH2_LSNU1C_Forms", "ZH2_LSNU1C_Forms\ZH2_LSNU1C_Forms.csproj", "{D0096970-0134-4695-A59E-2A96E21C9EAB}"
EndProject
Global
	GlobalSection(SolutionConfigurationPlatforms) = preSolution
		Debug|Any CPU = Debug|Any CPU
		Release|Any CPU = Release|Any CPU
	EndGlobalSection
	GlobalSection(ProjectConfigurationPlatforms) = postSolution
		{D0096970-0134-4695-A59E-2A96E21C9EAB}.Debug|Any CPU.ActiveCfg = Debug|Any CPU
		{D0096970-0134-4695-A59E-2A96E21C9EAB}.Debug|Any CPU.Build.0 = Debug|Any CPU
		{D0096970-0134-4695-A59E-2A96E21C9EAB}.Release|Any CPU.ActiveCfg = Release|Any CPU
		{D0096970-0134-4695-A59E-2A96E21C9EAB}.Release|Any CPU.Build.0 = Release|Any CPU
	EndGlobalSection
	GlobalSection(SolutionProperties) = preSolution
		HideSolutionNode = FALSE
	EndGlobalSection
	GlobalSection(ExtensibilityGlobals) = postSolution
		SolutionGuid = {C5053930-7F5B-4822-A4D4-5ACE377E82E0}
	EndGlobalSection
EndGlobal
